schema: '2.0'
stages:
  download_data:
    cmd: python src/instruction_learning/data/download.py
    deps:
    - path: configs/config.yaml
      hash: md5
      md5: 6ffaaaa6830f9e8779f0412f195e8334
      size: 543
    - path: configs/instructions/topic.yaml
      hash: md5
      md5: d97bf3d06885a6e77c69854912722a9f
      size: 68
    - path: src/instruction_learning/data/download.py
      hash: md5
      md5: adf7500098f3f76e50d6c4d8955efd5f
      size: 1899
    outs:
    - path: data/raw
      hash: md5
      md5: 5290060845462a8cef9f0ef3c7bdef17.dir
      size: 10079125
      nfiles: 1
  preprocess_embeddings:
    cmd: PYTHONPATH=src python -m instruction_learning.pipelines.nyt_preprocess
    deps:
    - path: configs/config.yaml
      hash: md5
      md5: 6ffaaaa6830f9e8779f0412f195e8334
      size: 543
    - path: configs/data/base.yaml
      hash: md5
      md5: 4db3d5b172f3bf116fa8e4003519f4e5
      size: 609
    - path: configs/embedding_model/qwen3.yaml
      hash: md5
      md5: 8d3d73b38bdcde21db5189a407c83c72
      size: 134
    - path: configs/instructions/topic.yaml
      hash: md5
      md5: d97bf3d06885a6e77c69854912722a9f
      size: 68
    - path: src/instruction_learning/data/download.py
      hash: md5
      md5: adf7500098f3f76e50d6c4d8955efd5f
      size: 1899
    - path: src/instruction_learning/pipelines/__init__.py
      hash: md5
      md5: 16e3558b0718434693a85fbc0f95b203
      size: 80
    - path: src/instruction_learning/pipelines/nyt_preprocess.py
      hash: md5
      md5: 2983b6a72be4dacb127f47997e554044
      size: 6933
    outs:
    - path: data/embeddings/base
      hash: md5
      md5: 189d674e5fc16a041fe63f1f1bd637d0.dir
      size: 8192128
      nfiles: 1
    - path: data/embeddings/instruct
      hash: md5
      md5: 279502f3e40a596550ede6c319acf86c.dir
      size: 8192128
      nfiles: 1
    - path: data/embeddings/label_mapping.json
      hash: md5
      md5: b7d9c431f602fed6e85057930da98a59
      size: 300
    - path: data/embeddings/labels.npy
      hash: md5
      md5: 9d60acb0752bf854a9f8505a6400aef9
      size: 16128
    - path: data/embeddings/metadata.json
      hash: md5
      md5: 6435f564da329c1dab434d0858c8d2b9
      size: 547
    - path: data/processed
      hash: md5
      md5: ab27c723bbe508c4405bb58c345fe0a6.dir
      size: 19162512
      nfiles: 2
