schema: '2.0'
stages:
  download_data:
    cmd: python src/instruction_learning/data/download.py
    deps:
    - path: configs/config.yaml
      hash: md5
      md5: 9014a284fd1b70ad875d9c1305284ee5
      size: 523
    - path: configs/instructions/topic.yaml
      hash: md5
      md5: d97bf3d06885a6e77c69854912722a9f
      size: 68
    - path: src/instruction_learning/data/download.py
      hash: md5
      md5: adf7500098f3f76e50d6c4d8955efd5f
      size: 1899
    outs:
    - path: data/raw
      hash: md5
      md5: 5290060845462a8cef9f0ef3c7bdef17.dir
      size: 10079125
      nfiles: 1
  preprocess_embeddings:
    cmd: PYTHONPATH=src python -m instruction_learning.pipelines.nyt_preprocess
    deps:
    - path: configs/config.yaml
      hash: md5
      md5: 9014a284fd1b70ad875d9c1305284ee5
      size: 523
    - path: configs/data/base.yaml
      hash: md5
      md5: 9e75e9aecf8b4c7b653b0d0ddb820728
      size: 550
    - path: configs/embedding_model/qwen3.yaml
      hash: md5
      md5: 8d3d73b38bdcde21db5189a407c83c72
      size: 134
    - path: configs/instructions/topic.yaml
      hash: md5
      md5: d97bf3d06885a6e77c69854912722a9f
      size: 68
    - path: src/instruction_learning/data/download.py
      hash: md5
      md5: adf7500098f3f76e50d6c4d8955efd5f
      size: 1899
    - path: src/instruction_learning/pipelines/__init__.py
      hash: md5
      md5: efd6915af5620c505096c80f3bf42e4d
      size: 160
    - path: src/instruction_learning/pipelines/nyt_preprocess.py
      hash: md5
      md5: 85e12756cbf2bcdd7118dc262b45f7f4
      size: 5923
    outs:
    - path: data/embeddings/base
      hash: md5
      md5: 1ed744914e4ba4ecd1e9958a25f7f05c.dir
      size: 8781952
      nfiles: 1
    - path: data/embeddings/instruct
      hash: md5
      md5: b9da4cf6ec342abfab382f77b4434d5e.dir
      size: 8781952
      nfiles: 1
    - path: data/embeddings/label_mapping.json
      hash: md5
      md5: b7d9c431f602fed6e85057930da98a59
      size: 300
    - path: data/embeddings/labels.npy
      hash: md5
      md5: f542a293c4199f234b25a4e632af7815
      size: 17280
    - path: data/embeddings/metadata.json
      hash: md5
      md5: b3d0964744bfe18671cc117edff79fa5
      size: 527
    - path: data/processed
      hash: md5
      md5: 842292e17f343caa11abf67c15c1838c.dir
      size: 20031714
      nfiles: 2
